
Microsoft Visual Studio Solution File, Format Version 12.00
# Visual Studio Version 17
VisualStudioVersion = 17.11.35327.3
MinimumVisualStudioVersion = 10.0.40219.1
Project("{2150E333-8FDC-42A3-9474-1A3956D46DE8}") = "Task0", "Task0", "{30FF9BDB-22A5-4E28-AC86-F51BA2DC20D9}"
EndProject
Project("{9A19103F-16F7-4668-BE54-9A1E7A4F7556}") = "TEST", "TEST\TEST.csproj", "{2A254AB1-95C4-461E-A8A6-C52EBB4D1403}"
EndProject
Project("{9A19103F-16F7-4668-BE54-9A1E7A4F7556}") = "Tyuiu.ErmakovAA.Sprint5.Task0.V14", "Tyuiu.ErmakovAA.Sprint5.Task0.V14\Tyuiu.ErmakovAA.Sprint5.Task0.V14.csproj", "{E75E0E16-8FDD-4674-AE45-8D04790761A5}"
EndProject
Project("{9A19103F-16F7-4668-BE54-9A1E7A4F7556}") = "Tyuiu.ErmakovAA.Sprint5.Task0.V14.Test", "Tyuiu.ErmakovAA.Sprint5.Task0.V14.Test\Tyuiu.ErmakovAA.Sprint5.Task0.V14.Test.csproj", "{DD865BF4-4D17-4BBF-B72E-87628A7E897E}"
EndProject
Project("{9A19103F-16F7-4668-BE54-9A1E7A4F7556}") = "Tyuiu.ErmakovAA.Sprint5.Task0.V14.Lib", "Tyuiu.ErmakovAA.Sprint5.Task0.V14.Lib\Tyuiu.ErmakovAA.Sprint5.Task0.V14.Lib.csproj", "{C5CCBE19-97A5-4C80-A953-67D8C2C2D00F}"
EndProject
Project("{2150E333-8FDC-42A3-9474-1A3956D46DE8}") = "Task1", "Task1", "{BEB74280-1D9D-438E-B214-5BABA36E16AF}"
EndProject
Project("{2150E333-8FDC-42A3-9474-1A3956D46DE8}") = "Task2", "Task2", "{9428ADC9-55E4-4FF8-A068-60FA1E416450}"
EndProject
Project("{9A19103F-16F7-4668-BE54-9A1E7A4F7556}") = "Tyuiu.ErmakovAA.Sprint5.Task2.V29", "Tyuiu.ErmakovAA.Sprint5.Task2.V29\Tyuiu.ErmakovAA.Sprint5.Task2.V29.csproj", "{E6B7BD7B-AAC3-4B28-8140-0EC0A9029A95}"
EndProject
Project("{2150E333-8FDC-42A3-9474-1A3956D46DE8}") = "TEST", "TEST", "{38214195-17D5-4E3F-9973-F0ED370C6216}"
EndProject
Project("{9A19103F-16F7-4668-BE54-9A1E7A4F7556}") = "Tyuiu.ErmakovAA.Sprint5.Task2.V29.Lib", "Tyuiu.ErmakovAA.Sprint5.Task2.V29.Lib\Tyuiu.ErmakovAA.Sprint5.Task2.V29.Lib.csproj", "{20C7835C-6C19-4C5D-ADF3-6899AEC81793}"
EndProject
Project("{9A19103F-16F7-4668-BE54-9A1E7A4F7556}") = "Tyuiu.ErmakovAA.Sprint5.Task2.V29.Test", "Tyuiu.ErmakovAA.Sprint5.Task2.V29.Test\Tyuiu.ErmakovAA.Sprint5.Task2.V29.Test.csproj", "{4B19F662-6083-4CF1-80EB-784B36988EF2}"
EndProject
Project("{2150E333-8FDC-42A3-9474-1A3956D46DE8}") = "Task3", "Task3", "{075411C4-42A0-4CA8-9691-8E88DC5F2228}"
EndProject
Project("{9A19103F-16F7-4668-BE54-9A1E7A4F7556}") = "Tyuiu.ErmakovAA.Sprint5.Task3.V7", "Tyuiu.ErmakovAA.Sprint5.Task3.V7\Tyuiu.ErmakovAA.Sprint5.Task3.V7.csproj", "{54991BC2-D3FA-4606-A218-6958AD3AC49D}"
EndProject
Project("{9A19103F-16F7-4668-BE54-9A1E7A4F7556}") = "Tyuiu.ErmakovAA.Sprint5.Task3.V7.Lib", "Tyuiu.ErmakovAA.Sprint5.Task3.V7.Lib\Tyuiu.ErmakovAA.Sprint5.Task3.V7.Lib.csproj", "{6ECBD3BF-89A9-445D-A249-8A54376F2002}"
EndProject
Project("{9A19103F-16F7-4668-BE54-9A1E7A4F7556}") = "Tyuiu.ErmakovAA.Sprint5.Task3.V7.Test", "Tyuiu.ErmakovAA.Sprint5.Task3.V7.Test\Tyuiu.ErmakovAA.Sprint5.Task3.V7.Test.csproj", "{306A7946-8E8E-480F-9937-3D2A4EB81EE5}"
EndProject
Project("{2150E333-8FDC-42A3-9474-1A3956D46DE8}") = "Task4", "Task4", "{D7FAC035-E86D-48C8-833F-84624C5C64C2}"
EndProject
Project("{2150E333-8FDC-42A3-9474-1A3956D46DE8}") = "Task5", "Task5", "{6D869E5F-7E2E-4C4A-B84A-2D1435CEFCBC}"
EndProject
Project("{FAE04EC0-301F-11D3-BF4B-00C04F79EFBC}") = "Tyuiu.ErmakovAA.Sprint5.Task1.V8", "Tyuiu.ErmakovAA.Sprint5.Task1.V8\Tyuiu.ErmakovAA.Sprint5.Task1.V8.csproj", "{24557784-471A-479A-970D-C543C0888E7F}"
EndProject
Project("{FAE04EC0-301F-11D3-BF4B-00C04F79EFBC}") = "Tyuiu.ErmakovAA.Sprint5.Task1.V8.Test", "Tyuiu.ErmakovAA.Sprint5.Task1.V8.Test\Tyuiu.ErmakovAA.Sprint5.Task1.V8.Test.csproj", "{78D36928-BF31-4833-BECB-DA636018A5E1}"
EndProject
Project("{FAE04EC0-301F-11D3-BF4B-00C04F79EFBC}") = "Tyuiu.ErmakovAA.Sprint5.Task1.V8.Lib", "Tyuiu.ErmakovAA.Sprint5.Task1.V8.Lib\Tyuiu.ErmakovAA.Sprint5.Task1.V8.Lib.csproj", "{D16D2992-223B-4CBB-A44A-EEB729ED470C}"
EndProject
Global
	GlobalSection(SolutionConfigurationPlatforms) = preSolution
		Debug|Any CPU = Debug|Any CPU
		Release|Any CPU = Release|Any CPU
	EndGlobalSection
	GlobalSection(ProjectConfigurationPlatforms) = postSolution
		{2A254AB1-95C4-461E-A8A6-C52EBB4D1403}.Debug|Any CPU.ActiveCfg = Debug|Any CPU
		{2A254AB1-95C4-461E-A8A6-C52EBB4D1403}.Debug|Any CPU.Build.0 = Debug|Any CPU
		{2A254AB1-95C4-461E-A8A6-C52EBB4D1403}.Release|Any CPU.ActiveCfg = Release|Any CPU
		{2A254AB1-95C4-461E-A8A6-C52EBB4D1403}.Release|Any CPU.Build.0 = Release|Any CPU
		{E75E0E16-8FDD-4674-AE45-8D04790761A5}.Debug|Any CPU.ActiveCfg = Debug|Any CPU
		{E75E0E16-8FDD-4674-AE45-8D04790761A5}.Debug|Any CPU.Build.0 = Debug|Any CPU
		{E75E0E16-8FDD-4674-AE45-8D04790761A5}.Release|Any CPU.ActiveCfg = Release|Any CPU
		{E75E0E16-8FDD-4674-AE45-8D04790761A5}.Release|Any CPU.Build.0 = Release|Any CPU
		{DD865BF4-4D17-4BBF-B72E-87628A7E897E}.Debug|Any CPU.ActiveCfg = Debug|Any CPU
		{DD865BF4-4D17-4BBF-B72E-87628A7E897E}.Debug|Any CPU.Build.0 = Debug|Any CPU
		{DD865BF4-4D17-4BBF-B72E-87628A7E897E}.Release|Any CPU.ActiveCfg = Release|Any CPU
		{DD865BF4-4D17-4BBF-B72E-87628A7E897E}.Release|Any CPU.Build.0 = Release|Any CPU
		{C5CCBE19-97A5-4C80-A953-67D8C2C2D00F}.Debug|Any CPU.ActiveCfg = Debug|Any CPU
		{C5CCBE19-97A5-4C80-A953-67D8C2C2D00F}.Debug|Any CPU.Build.0 = Debug|Any CPU
		{C5CCBE19-97A5-4C80-A953-67D8C2C2D00F}.Release|Any CPU.ActiveCfg = Release|Any CPU
		{C5CCBE19-97A5-4C80-A953-67D8C2C2D00F}.Release|Any CPU.Build.0 = Release|Any CPU
		{E6B7BD7B-AAC3-4B28-8140-0EC0A9029A95}.Debug|Any CPU.ActiveCfg = Debug|Any CPU
		{E6B7BD7B-AAC3-4B28-8140-0EC0A9029A95}.Debug|Any CPU.Build.0 = Debug|Any CPU
		{E6B7BD7B-AAC3-4B28-8140-0EC0A9029A95}.Release|Any CPU.ActiveCfg = Release|Any CPU
		{E6B7BD7B-AAC3-4B28-8140-0EC0A9029A95}.Release|Any CPU.Build.0 = Release|Any CPU
		{20C7835C-6C19-4C5D-ADF3-6899AEC81793}.Debug|Any CPU.ActiveCfg = Debug|Any CPU
		{20C7835C-6C19-4C5D-ADF3-6899AEC81793}.Debug|Any CPU.Build.0 = Debug|Any CPU
		{20C7835C-6C19-4C5D-ADF3-6899AEC81793}.Release|Any CPU.ActiveCfg = Release|Any CPU
		{20C7835C-6C19-4C5D-ADF3-6899AEC81793}.Release|Any CPU.Build.0 = Release|Any CPU
		{4B19F662-6083-4CF1-80EB-784B36988EF2}.Debug|Any CPU.ActiveCfg = Debug|Any CPU
		{4B19F662-6083-4CF1-80EB-784B36988EF2}.Debug|Any CPU.Build.0 = Debug|Any CPU
		{4B19F662-6083-4CF1-80EB-784B36988EF2}.Release|Any CPU.ActiveCfg = Release|Any CPU
		{4B19F662-6083-4CF1-80EB-784B36988EF2}.Release|Any CPU.Build.0 = Release|Any CPU
		{54991BC2-D3FA-4606-A218-6958AD3AC49D}.Debug|Any CPU.ActiveCfg = Debug|Any CPU
		{54991BC2-D3FA-4606-A218-6958AD3AC49D}.Debug|Any CPU.Build.0 = Debug|Any CPU
		{54991BC2-D3FA-4606-A218-6958AD3AC49D}.Release|Any CPU.ActiveCfg = Release|Any CPU
		{54991BC2-D3FA-4606-A218-6958AD3AC49D}.Release|Any CPU.Build.0 = Release|Any CPU
		{6ECBD3BF-89A9-445D-A249-8A54376F2002}.Debug|Any CPU.ActiveCfg = Debug|Any CPU
		{6ECBD3BF-89A9-445D-A249-8A54376F2002}.Debug|Any CPU.Build.0 = Debug|Any CPU
		{6ECBD3BF-89A9-445D-A249-8A54376F2002}.Release|Any CPU.ActiveCfg = Release|Any CPU
		{6ECBD3BF-89A9-445D-A249-8A54376F2002}.Release|Any CPU.Build.0 = Release|Any CPU
		{306A7946-8E8E-480F-9937-3D2A4EB81EE5}.Debug|Any CPU.ActiveCfg = Debug|Any CPU
		{306A7946-8E8E-480F-9937-3D2A4EB81EE5}.Debug|Any CPU.Build.0 = Debug|Any CPU
		{306A7946-8E8E-480F-9937-3D2A4EB81EE5}.Release|Any CPU.ActiveCfg = Release|Any CPU
		{306A7946-8E8E-480F-9937-3D2A4EB81EE5}.Release|Any CPU.Build.0 = Release|Any CPU
		{24557784-471A-479A-970D-C543C0888E7F}.Debug|Any CPU.ActiveCfg = Debug|Any CPU
		{24557784-471A-479A-970D-C543C0888E7F}.Debug|Any CPU.Build.0 = Debug|Any CPU
		{24557784-471A-479A-970D-C543C0888E7F}.Release|Any CPU.ActiveCfg = Release|Any CPU
		{24557784-471A-479A-970D-C543C0888E7F}.Release|Any CPU.Build.0 = Release|Any CPU
		{78D36928-BF31-4833-BECB-DA636018A5E1}.Debug|Any CPU.ActiveCfg = Debug|Any CPU
		{78D36928-BF31-4833-BECB-DA636018A5E1}.Debug|Any CPU.Build.0 = Debug|Any CPU
		{78D36928-BF31-4833-BECB-DA636018A5E1}.Release|Any CPU.ActiveCfg = Release|Any CPU
		{78D36928-BF31-4833-BECB-DA636018A5E1}.Release|Any CPU.Build.0 = Release|Any CPU
		{D16D2992-223B-4CBB-A44A-EEB729ED470C}.Debug|Any CPU.ActiveCfg = Debug|Any CPU
		{D16D2992-223B-4CBB-A44A-EEB729ED470C}.Debug|Any CPU.Build.0 = Debug|Any CPU
		{D16D2992-223B-4CBB-A44A-EEB729ED470C}.Release|Any CPU.ActiveCfg = Release|Any CPU
		{D16D2992-223B-4CBB-A44A-EEB729ED470C}.Release|Any CPU.Build.0 = Release|Any CPU
	EndGlobalSection
	GlobalSection(SolutionProperties) = preSolution
		HideSolutionNode = FALSE
	EndGlobalSection
	GlobalSection(NestedProjects) = preSolution
		{2A254AB1-95C4-461E-A8A6-C52EBB4D1403} = {38214195-17D5-4E3F-9973-F0ED370C6216}
		{E75E0E16-8FDD-4674-AE45-8D04790761A5} = {30FF9BDB-22A5-4E28-AC86-F51BA2DC20D9}
		{DD865BF4-4D17-4BBF-B72E-87628A7E897E} = {30FF9BDB-22A5-4E28-AC86-F51BA2DC20D9}
		{C5CCBE19-97A5-4C80-A953-67D8C2C2D00F} = {30FF9BDB-22A5-4E28-AC86-F51BA2DC20D9}
		{E6B7BD7B-AAC3-4B28-8140-0EC0A9029A95} = {9428ADC9-55E4-4FF8-A068-60FA1E416450}
		{20C7835C-6C19-4C5D-ADF3-6899AEC81793} = {9428ADC9-55E4-4FF8-A068-60FA1E416450}
		{4B19F662-6083-4CF1-80EB-784B36988EF2} = {9428ADC9-55E4-4FF8-A068-60FA1E416450}
		{54991BC2-D3FA-4606-A218-6958AD3AC49D} = {075411C4-42A0-4CA8-9691-8E88DC5F2228}
		{6ECBD3BF-89A9-445D-A249-8A54376F2002} = {075411C4-42A0-4CA8-9691-8E88DC5F2228}
		{306A7946-8E8E-480F-9937-3D2A4EB81EE5} = {075411C4-42A0-4CA8-9691-8E88DC5F2228}
		{24557784-471A-479A-970D-C543C0888E7F} = {BEB74280-1D9D-438E-B214-5BABA36E16AF}
		{78D36928-BF31-4833-BECB-DA636018A5E1} = {BEB74280-1D9D-438E-B214-5BABA36E16AF}
		{D16D2992-223B-4CBB-A44A-EEB729ED470C} = {BEB74280-1D9D-438E-B214-5BABA36E16AF}
	EndGlobalSection
	GlobalSection(ExtensibilityGlobals) = postSolution
		SolutionGuid = {A9E2EB2C-FDB1-41D9-B7D3-20956005AFFF}
	EndGlobalSection
EndGlobal
